
Microsoft Visual Studio Solution File, Format Version 12.00
# Visual Studio Version 17
VisualStudioVersion = 17.0.31903.59
MinimumVisualStudioVersion = 10.0.40219.1
Project("{2150E333-8FDC-42A3-9474-1A3956D46DE8}") = "src", "src", "{F741B220-D195-4C49-A50A-BEBF729EECB2}"
EndProject
Project("{FAE04EC0-301F-11D3-BF4B-00C04F79EFBC}") = "StardewLauncher.Core", "src\StardewLauncher.Core\StardewLauncher.Core.csproj", "{1E12B3ED-0D7B-42F0-9446-F212CA95C6FC}"
EndProject
Project("{FAE04EC0-301F-11D3-BF4B-00C04F79EFBC}") = "StardewLauncher.App", "src\StardewLauncher.App\StardewLauncher.App.csproj", "{3653B4AA-F9CE-4BF1-8019-223B72564CE6}"
EndProject
Global
	GlobalSection(SolutionConfigurationPlatforms) = preSolution
		Debug|Any CPU = Debug|Any CPU
		Release|Any CPU = Release|Any CPU
	EndGlobalSection
	GlobalSection(SolutionProperties) = preSolution
		HideSolutionNode = FALSE
	EndGlobalSection
	GlobalSection(ProjectConfigurationPlatforms) = postSolution
		{1E12B3ED-0D7B-42F0-9446-F212CA95C6FC}.Debug|Any CPU.ActiveCfg = Debug|Any CPU
		{1E12B3ED-0D7B-42F0-9446-F212CA95C6FC}.Debug|Any CPU.Build.0 = Debug|Any CPU
		{1E12B3ED-0D7B-42F0-9446-F212CA95C6FC}.Release|Any CPU.ActiveCfg = Release|Any CPU
		{1E12B3ED-0D7B-42F0-9446-F212CA95C6FC}.Release|Any CPU.Build.0 = Release|Any CPU
		{3653B4AA-F9CE-4BF1-8019-223B72564CE6}.Debug|Any CPU.ActiveCfg = Debug|Any CPU
		{3653B4AA-F9CE-4BF1-8019-223B72564CE6}.Debug|Any CPU.Build.0 = Debug|Any CPU
		{3653B4AA-F9CE-4BF1-8019-223B72564CE6}.Release|Any CPU.ActiveCfg = Release|Any CPU
		{3653B4AA-F9CE-4BF1-8019-223B72564CE6}.Release|Any CPU.Build.0 = Release|Any CPU
	EndGlobalSection
	GlobalSection(NestedProjects) = preSolution
		{1E12B3ED-0D7B-42F0-9446-F212CA95C6FC} = {F741B220-D195-4C49-A50A-BEBF729EECB2}
		{3653B4AA-F9CE-4BF1-8019-223B72564CE6} = {F741B220-D195-4C49-A50A-BEBF729EECB2}
	EndGlobalSection
EndGlobal
